
Microsoft Visual Studio Solution File, Format Version 12.00
# Visual Studio Version 17
VisualStudioVersion = 17.12.35506.116 d17.12
MinimumVisualStudioVersion = 10.0.40219.1
Project("{FAE04EC0-301F-11D3-BF4B-00C04F79EFBC}") = "GIS.City.Service", "GIS.City.Service\GIS.City.Service.csproj", "{611EA087-4A72-4DF4-88FA-C297766030CB}"
EndProject
Global
	GlobalSection(SolutionConfigurationPlatforms) = preSolution
		Debug|Any CPU = Debug|Any CPU
		Release|Any CPU = Release|Any CPU
	EndGlobalSection
	GlobalSection(ProjectConfigurationPlatforms) = postSolution
		{611EA087-4A72-4DF4-88FA-C297766030CB}.Debug|Any CPU.ActiveCfg = Debug|Any CPU
		{611EA087-4A72-4DF4-88FA-C297766030CB}.Debug|Any CPU.Build.0 = Debug|Any CPU
		{611EA087-4A72-4DF4-88FA-C297766030CB}.Release|Any CPU.ActiveCfg = Release|Any CPU
		{611EA087-4A72-4DF4-88FA-C297766030CB}.Release|Any CPU.Build.0 = Release|Any CPU
	EndGlobalSection
	GlobalSection(SolutionProperties) = preSolution
		HideSolutionNode = FALSE
	EndGlobalSection
EndGlobal
